# This file is automatically @generated by Poetry 1.8.3 and should not be changed by hand.

[[package]]
name = "anyio"
version = "4.4.0"
description = "High level compatibility layer for multiple asynchronous event loop implementations"
optional = false
python-versions = ">=3.8"
files = [
    {file = "anyio-4.4.0-py3-none-any.whl", hash = "sha256:c1b2d8f46a8a812513012e1107cb0e68c17159a7a594208005a57dc776e1bdc7"},
    {file = "anyio-4.4.0.tar.gz", hash = "sha256:5aadc6a1bbb7cdb0bede386cac5e2940f5e2ff3aa20277e991cf028e0585ce94"},
]

[package.dependencies]
idna = ">=2.8"
sniffio = ">=1.1"

[package.extras]
doc = ["Sphinx (>=7)", "packaging", "sphinx-autodoc-typehints (>=1.2.0)", "sphinx-rtd-theme"]
test = ["anyio[trio]", "coverage[toml] (>=7)", "exceptiongroup (>=1.2.0)", "hypothesis (>=4.0)", "psutil (>=5.9)", "pytest (>=7.0)", "pytest-mock (>=3.6.1)", "trustme", "uvloop (>=0.17)"]
trio = ["trio (>=0.23)"]

[[package]]
name = "certifi"
version = "2024.6.2"
description = "Python package for providing Mozilla's CA Bundle."
optional = false
python-versions = ">=3.6"
files = [
    {file = "certifi-2024.6.2-py3-none-any.whl", hash = "sha256:ddc6c8ce995e6987e7faf5e3f1b02b302836a0e5d98ece18392cb1a36c72ad56"},
    {file = "certifi-2024.6.2.tar.gz", hash = "sha256:3cd43f1c6fa7dedc5899d69d3ad0398fd018ad1a17fba83ddaf78aa46c747516"},
]

[[package]]
name = "h11"
version = "0.14.0"
description = "A pure-Python, bring-your-own-I/O implementation of HTTP/1.1"
optional = false
python-versions = ">=3.7"
files = [
    {file = "h11-0.14.0-py3-none-any.whl", hash = "sha256:e3fe4ac4b851c468cc8363d500db52c2ead036020723024a109d37346efaa761"},
    {file = "h11-0.14.0.tar.gz", hash = "sha256:8f19fbbe99e72420ff35c00b27a34cb9937e902a8b810e2c88300c6f0a3b699d"},
]

[[package]]
name = "httpcore"
version = "1.0.5"
description = "A minimal low-level HTTP client."
optional = false
python-versions = ">=3.8"
files = [
    {file = "httpcore-1.0.5-py3-none-any.whl", hash = "sha256:421f18bac248b25d310f3cacd198d55b8e6125c107797b609ff9b7a6ba7991b5"},
    {file = "httpcore-1.0.5.tar.gz", hash = "sha256:34a38e2f9291467ee3b44e89dd52615370e152954ba21721378a87b2960f7a61"},
]

[package.dependencies]
certifi = "*"
h11 = ">=0.13,<0.15"

[package.extras]
asyncio = ["anyio (>=4.0,<5.0)"]
http2 = ["h2 (>=3,<5)"]
socks = ["socksio (==1.*)"]
trio = ["trio (>=0.22.0,<0.26.0)"]

[[package]]
name = "httpx"
version = "0.27.0"
description = "The next generation HTTP client."
optional = false
python-versions = ">=3.8"
files = [
    {file = "httpx-0.27.0-py3-none-any.whl", hash = "sha256:71d5465162c13681bff01ad59b2cc68dd838ea1f10e51574bac27103f00c91a5"},
    {file = "httpx-0.27.0.tar.gz", hash = "sha256:a0cb88a46f32dc874e04ee956e4c2764aba2aa228f650b06788ba6bda2962ab5"},
]

[package.dependencies]
anyio = "*"
certifi = "*"
httpcore = "==1.*"
idna = "*"
sniffio = "*"

[package.extras]
brotli = ["brotli", "brotlicffi"]
cli = ["click (==8.*)", "pygments (==2.*)", "rich (>=10,<14)"]
http2 = ["h2 (>=3,<5)"]
socks = ["socksio (==1.*)"]

[[package]]
name = "idna"
version = "3.7"
description = "Internationalized Domain Names in Applications (IDNA)"
optional = false
python-versions = ">=3.5"
files = [
    {file = "idna-3.7-py3-none-any.whl", hash = "sha256:82fee1fc78add43492d3a1898bfa6d8a904cc97d8427f683ed8e798d07761aa0"},
    {file = "idna-3.7.tar.gz", hash = "sha256:028ff3aadf0609c1fd278d8ea3089299412a7a8b9bd005dd08b9f8285bcb5cfc"},
]

[[package]]
name = "ruff"
version = "0.4.10"
description = "An extremely fast Python linter and code formatter, written in Rust."
optional = false
python-versions = ">=3.7"
files = [
    {file = "ruff-0.4.10-py3-none-macosx_10_12_x86_64.whl", hash = "sha256:5c2c4d0859305ac5a16310eec40e4e9a9dec5dcdfbe92697acd99624e8638dac"},
    {file = "ruff-0.4.10-py3-none-macosx_11_0_arm64.whl", hash = "sha256:a79489607d1495685cdd911a323a35871abfb7a95d4f98fc6f85e799227ac46e"},
    {file = "ruff-0.4.10-py3-none-manylinux_2_17_aarch64.manylinux2014_aarch64.whl", hash = "sha256:b1dd1681dfa90a41b8376a61af05cc4dc5ff32c8f14f5fe20dba9ff5deb80cd6"},
    {file = "ruff-0.4.10-py3-none-manylinux_2_17_armv7l.manylinux2014_armv7l.whl", hash = "sha256:c75c53bb79d71310dc79fb69eb4902fba804a81f374bc86a9b117a8d077a1784"},
    {file = "ruff-0.4.10-py3-none-manylinux_2_17_i686.manylinux2014_i686.whl", hash = "sha256:18238c80ee3d9100d3535d8eb15a59c4a0753b45cc55f8bf38f38d6a597b9739"},
    {file = "ruff-0.4.10-py3-none-manylinux_2_17_ppc64.manylinux2014_ppc64.whl", hash = "sha256:d8f71885bce242da344989cae08e263de29752f094233f932d4f5cfb4ef36a81"},
    {file = "ruff-0.4.10-py3-none-manylinux_2_17_ppc64le.manylinux2014_ppc64le.whl", hash = "sha256:330421543bd3222cdfec481e8ff3460e8702ed1e58b494cf9d9e4bf90db52b9d"},
    {file = "ruff-0.4.10-py3-none-manylinux_2_17_s390x.manylinux2014_s390x.whl", hash = "sha256:9e9b6fb3a37b772628415b00c4fc892f97954275394ed611056a4b8a2631365e"},
    {file = "ruff-0.4.10-py3-none-manylinux_2_17_x86_64.manylinux2014_x86_64.whl", hash = "sha256:0f54c481b39a762d48f64d97351048e842861c6662d63ec599f67d515cb417f6"},
    {file = "ruff-0.4.10-py3-none-musllinux_1_2_aarch64.whl", hash = "sha256:67fe086b433b965c22de0b4259ddfe6fa541c95bf418499bedb9ad5fb8d1c631"},
    {file = "ruff-0.4.10-py3-none-musllinux_1_2_armv7l.whl", hash = "sha256:acfaaab59543382085f9eb51f8e87bac26bf96b164839955f244d07125a982ef"},
    {file = "ruff-0.4.10-py3-none-musllinux_1_2_i686.whl", hash = "sha256:3cea07079962b2941244191569cf3a05541477286f5cafea638cd3aa94b56815"},
    {file = "ruff-0.4.10-py3-none-musllinux_1_2_x86_64.whl", hash = "sha256:338a64ef0748f8c3a80d7f05785930f7965d71ca260904a9321d13be24b79695"},
    {file = "ruff-0.4.10-py3-none-win32.whl", hash = "sha256:ffe3cd2f89cb54561c62e5fa20e8f182c0a444934bf430515a4b422f1ab7b7ca"},
    {file = "ruff-0.4.10-py3-none-win_amd64.whl", hash = "sha256:67f67cef43c55ffc8cc59e8e0b97e9e60b4837c8f21e8ab5ffd5d66e196e25f7"},
    {file = "ruff-0.4.10-py3-none-win_arm64.whl", hash = "sha256:dd1fcee327c20addac7916ca4e2653fbbf2e8388d8a6477ce5b4e986b68ae6c0"},
    {file = "ruff-0.4.10.tar.gz", hash = "sha256:3aa4f2bc388a30d346c56524f7cacca85945ba124945fe489952aadb6b5cd804"},
]

[[package]]
name = "sniffio"
version = "1.3.1"
description = "Sniff out which async library your code is running under"
optional = false
python-versions = ">=3.7"
files = [
    {file = "sniffio-1.3.1-py3-none-any.whl", hash = "sha256:2f6da418d1f1e0fddd844478f41680e794e6051915791a034ff65e5f100525a2"},
    {file = "sniffio-1.3.1.tar.gz", hash = "sha256:f4324edc670a0f49750a81b895f35c3adb843cca46f0530f79fc1babb23789dc"},
]

[metadata]
lock-version = "2.0"
python-versions = "^3.12"
content-hash = "e13bc9b6a23deb995f26d1ec2d8649ae45e7b13d97895754e16759fcee7a3a50"
